schema: '2.0'
stages:
  pre-commmit:
    cmd: pre-commit run --all-files  && chktex -q -V main.tex -n 24 -n 8 -n 1
    deps:
    - path: .pre-commit-config.yaml
      hash: md5
      md5: cac5e29a25010f135d7538fd6d966311
      size: 1414
    - path: 0-abstract.tex
      hash: md5
      md5: 04f793df45964622106e4fced993abef
      size: 1954
    - path: 1-introduction.tex
      hash: md5
      md5: c06659d58341e9a1393018b62c8cce3d
      size: 5714
    - path: 2-background.tex
      hash: md5
      md5: 11a6d5c35065c130da2ad93b5e210cc2
      size: 7856
    - path: 3-aft.tex
      hash: md5
      md5: 1e79340323abb803eb1d8aff465d04bb
      size: 12675
    - path: 4-methods.tex
      hash: md5
      md5: c32ec288fe1609ea8fab6955b3ae1f7b
      size: 10109
    - path: 5-results.tex
      hash: md5
      md5: ae2a3345157baf9a1b4d3a667ee626cf
      size: 10619
    - path: 6-conclusions.tex
      hash: md5
      md5: f2f0c5930174d20625b31c46f5ac07b4
      size: 5126
    - path: generate_plots/
      hash: md5
      md5: d68fce2cd77bc4abc937a8d9ef907da9.dir
      size: 31814474
      nfiles: 48
    - path: plots/
      hash: md5
      md5: 0ac9112c317f547f4a5b7441a77f3459.dir
      size: 1200740
      nfiles: 36
  first_run:
    cmd: pdflatex  main.tex
    deps:
    - path: 0-abstract.tex
      hash: md5
      md5: 04f793df45964622106e4fced993abef
      size: 1954
    - path: 1-introduction.tex
      hash: md5
      md5: c06659d58341e9a1393018b62c8cce3d
      size: 5714
    - path: 2-background.tex
      hash: md5
      md5: 11a6d5c35065c130da2ad93b5e210cc2
      size: 7856
    - path: 3-aft.tex
      hash: md5
      md5: 1e79340323abb803eb1d8aff465d04bb
      size: 12675
    - path: 4-methods.tex
      hash: md5
      md5: c32ec288fe1609ea8fab6955b3ae1f7b
      size: 10109
    - path: 5-results.tex
      hash: md5
      md5: ae2a3345157baf9a1b4d3a667ee626cf
      size: 10619
    - path: 6-conclusions.tex
      hash: md5
      md5: f2f0c5930174d20625b31c46f5ac07b4
      size: 5126
    - path: main.tex
      hash: md5
      md5: 764e44a6d2cc6e5a437d078f3d29c9b4
      size: 1227
    outs:
    - path: main-blx.bib
      hash: md5
      md5: 5ba7332ec7ecc2dc9c6b1bd96e3d9aad
      size: 342
    - path: main.aux
      hash: md5
      md5: 98cfc99633ad530c7191e5c444940c17
      size: 32506
    - path: main.log
      hash: md5
      md5: bf2f4c96e27f381e422bc0186dd1b103
      size: 44686
    - path: main.out
      hash: md5
      md5: b84a5d8e707eff7228408123f5b93bfd
      size: 4698
    - path: main.run.xml
      hash: md5
      md5: 2d22ad067e0890475f0a21e186e23136
      size: 2558
  big_run:
    cmd: pdflatex main.tex && bibtex main && pdflatex  main.tex && pdflatex  main.tex
    deps:
    - path: bibliography.bib
      hash: md5
      md5: c0c3d6a261b08978933c91e2f072a4fb
      size: 63506
    - path: main-blx.bib
      hash: md5
      md5: 5ba7332ec7ecc2dc9c6b1bd96e3d9aad
      size: 342
    - path: main.aux
      hash: md5
      md5: 1eb11e31a588846fbd0073fd2ca728d2
      size: 32532
    - path: main.log
      hash: md5
      md5: fb8c67ce11fac2ea581b82282fb34db3
      size: 38806
    - path: main.out
      hash: md5
      md5: b84a5d8e707eff7228408123f5b93bfd
      size: 4698
    - path: main.run.xml
      hash: md5
      md5: 1056460de672bb6595b4747057946212
      size: 2558
    - path: main.tex
      hash: md5
      md5: 764e44a6d2cc6e5a437d078f3d29c9b4
      size: 1227
    outs:
    - path: main.bbl
      hash: md5
      md5: b511e039fa4daa447436ba79f70e8a5e
      size: 68168
    - path: main.pdf
      hash: md5
      md5: b93eee93f1d0e00c30134d820f4f88ef
      size: 553775
  arxiv:
    cmd: python arxiv.py  --title "A Training Rate and Survival Heuristic for Inference
      and Robustness Evaluation (TRASHFIRE)"  --directories plots  --delete_these_dirs
      generate_plots data tmp --extensions py yaml lock log csv  --delete_these_files
      ".dvcignore" "main.aux" "main.blg" "main.out" "main.run.xml" "main-blx.bib"
      "main.pdf"
    deps:
    - path: arxiv.py
      hash: md5
      md5: 02df5da254d1a9f8e8d78f6e4ed5d2a6
      size: 7739
    - path: main.pdf
      hash: md5
      md5: b93eee93f1d0e00c30134d820f4f88ef
      size: 553775
    - path: plots/
      hash: md5
      md5: 0ac9112c317f547f4a5b7441a77f3459.dir
      size: 1200740
      nfiles: 36
    outs:
    - path: A Training Rate and Survival Heuristic for Inference and Robustness Evaluation
        (TRASHFIRE).zip
      hash: md5
      md5: 4289af472f63e80fcd6095e7f4775b49
      size: 971396
